# THIS IS AN AUTOGENERATED FILE. DO NOT EDIT THIS FILE DIRECTLY.
# yarn lockfile v1


purty@^6.2.0:
  version "6.2.0"
  resolved "https://registry.yarnpkg.com/purty/-/purty-6.2.0.tgz#e3556b9bff8482f05a374e2f8d91328e3b68baac"
  integrity sha512-JfT8kJHSyxuOFQtRiH2x55SiPxXZsSdedQlZap8JehQ7KzB49B5C9cWwVybtSB36BdADQcxPvtw8D52z4EPnBw==
